
Microsoft Visual Studio Solution File, Format Version 12.00
# Visual Studio Version 16
VisualStudioVersion = 16.0.31424.327
MinimumVisualStudioVersion = 10.0.40219.1
Project("{FAE04EC0-301F-11D3-BF4B-00C04F79EFBC}") = "BarcodeGen", "BarcodeGen\BarcodeGen.csproj", "{11A9BA6B-3B70-40A4-847F-87466A66A343}"
EndProject
Global
	GlobalSection(SolutionConfigurationPlatforms) = preSolution
		Debug|Any CPU = Debug|Any CPU
		Release|Any CPU = Release|Any CPU
	EndGlobalSection
	GlobalSection(ProjectConfigurationPlatforms) = postSolution
		{11A9BA6B-3B70-40A4-847F-87466A66A343}.Debug|Any CPU.ActiveCfg = Debug|Any CPU
		{11A9BA6B-3B70-40A4-847F-87466A66A343}.Debug|Any CPU.Build.0 = Debug|Any CPU
		{11A9BA6B-3B70-40A4-847F-87466A66A343}.Release|Any CPU.ActiveCfg = Release|Any CPU
		{11A9BA6B-3B70-40A4-847F-87466A66A343}.Release|Any CPU.Build.0 = Release|Any CPU
	EndGlobalSection
	GlobalSection(SolutionProperties) = preSolution
		HideSolutionNode = FALSE
	EndGlobalSection
	GlobalSection(ExtensibilityGlobals) = postSolution
		SolutionGuid = {50E1000B-B5E6-4DA9-9EBC-B20F419203D4}
	EndGlobalSection
EndGlobal
